{
  "nodes": {
    "emacs": {
      "inputs": {
        "nixpkgs": "nixpkgs_2",
        "nixpkgs-stable": "nixpkgs-stable"
      },
      "locked": {
        "lastModified": 1753237660,
        "narHash": "sha256-6nGlaZeOHm/OKB1UU1A2LW6KwCOQISJZVialH+bUd2c=",
        "owner": "nix-community",
        "repo": "emacs-overlay",
        "rev": "384b67a33ab7185cfa277193774840d8f7d88c83",
        "type": "github"
      },
      "original": {
        "owner": "nix-community",
        "repo": "emacs-overlay",
        "type": "github"
      }
    },
    "fenix": {
      "inputs": {
        "nixpkgs": [
          "nixpkgs-f2k",
          "nixpkgs-fmt",
          "nixpkgs"
        ],
        "rust-analyzer-src": "rust-analyzer-src"
      },
      "locked": {
        "lastModified": 1637475807,
        "narHash": "sha256-E3nzOvlzZXwyo8Stp5upKsTCDcqUTYAFj4EC060A31c=",
        "owner": "nix-community",
        "repo": "fenix",
        "rev": "960e7fef45692a4fffc6df6d6b613b0399bbdfd5",
        "type": "github"
      },
      "original": {
        "owner": "nix-community",
        "repo": "fenix",
        "type": "github"
      }
    },
    "flake-utils": {
      "locked": {
        "lastModified": 1637014545,
        "narHash": "sha256-26IZAc5yzlD9FlDT54io1oqG/bBoyka+FJk5guaX4x4=",
        "owner": "numtide",
        "repo": "flake-utils",
        "rev": "bba5dcc8e0b20ab664967ad83d24d64cb64ec4f4",
        "type": "github"
      },
      "original": {
        "owner": "numtide",
        "repo": "flake-utils",
        "type": "github"
      }
    },
    "home-manager": {
      "inputs": {
        "nixpkgs": [
          "nixpkgs"
        ]
      },
      "locked": {
        "lastModified": 1753181343,
        "narHash": "sha256-CLQfNtUqirNVSYoW/kYbvL4PeeNasmZonaPnjO3+1YQ=",
        "owner": "nix-community",
        "repo": "home-manager",
        "rev": "0cdfcdbb525b77b951c889b6131047bc374f48fe",
        "type": "github"
      },
      "original": {
        "owner": "nix-community",
        "repo": "home-manager",
        "type": "github"
      }
    },
    "infuse": {
      "flake": false,
      "locked": {
        "lastModified": 1738726976,
        "narHash": "sha256-N+u3vnK3zyXLUuDj/vr62r9tM7uarhKVCaLHWxjo/YY=",
        "ref": "refs/heads/trunk",
        "rev": "c8fb7397039215e1444c835e36a0da7dc3c743f8",
        "revCount": 48,
        "type": "git",
        "url": "https://codeberg.org/amjoseph/infuse.nix.git"
      },
      "original": {
        "type": "git",
        "url": "https://codeberg.org/amjoseph/infuse.nix.git"
      }
    },
    "nix-index-database": {
      "inputs": {
        "nixpkgs": [
          "nixpkgs"
        ]
      },
      "locked": {
        "lastModified": 1752985182,
        "narHash": "sha256-sX8Neff8lp3TCHai6QmgLr5AD8MdsQQX3b52C1DVXR8=",
        "owner": "nix-community",
        "repo": "nix-index-database",
        "rev": "fafdcb505ba605157ff7a7eeea452bc6d6cbc23c",
        "type": "github"
      },
      "original": {
        "owner": "nix-community",
        "repo": "nix-index-database",
        "type": "github"
      }
    },
    "nixos-hardware": {
      "locked": {
        "lastModified": 1753122741,
        "narHash": "sha256-nFxE8lk9JvGelxClCmwuJYftbHqwnc01dRN4DVLUroM=",
        "owner": "nixos",
        "repo": "nixos-hardware",
        "rev": "cc66fddc6cb04ab479a1bb062f4d4da27c936a22",
        "type": "github"
      },
      "original": {
        "owner": "nixos",
        "repo": "nixos-hardware",
        "type": "github"
      }
    },
    "nixpkgs": {
      "locked": {
        "lastModified": 1752950548,
        "narHash": "sha256-NS6BLD0lxOrnCiEOcvQCDVPXafX1/ek1dfJHX1nUIzc=",
        "owner": "NixOS",
        "repo": "nixpkgs",
        "rev": "c87b95e25065c028d31a94f06a62927d18763fdf",
        "type": "github"
      },
      "original": {
        "owner": "NixOS",
        "ref": "nixos-unstable",
        "repo": "nixpkgs",
        "type": "github"
      }
    },
    "nixpkgs-f2k": {
      "inputs": {
        "emacs": "emacs",
        "infuse": "infuse",
        "nixpkgs": "nixpkgs_3",
        "nixpkgs-fmt": "nixpkgs-fmt",
        "parts": "parts"
      },
      "locked": {
        "lastModified": 1753242120,
        "narHash": "sha256-wqwvbgtMspKdRUbGq3w+l/eOaBPEyRG2pQbXTB/g/ng=",
        "owner": "fortuneteller2k",
        "repo": "nixpkgs-f2k",
        "rev": "214b724ed89bb1bb09b5fc37c0ef4da661956b83",
        "type": "github"
      },
      "original": {
        "owner": "fortuneteller2k",
        "repo": "nixpkgs-f2k",
        "type": "github"
      }
    },
    "nixpkgs-fmt": {
      "inputs": {
        "fenix": "fenix",
        "flake-utils": "flake-utils",
        "nixpkgs": [
          "nixpkgs-f2k",
          "nixpkgs"
        ]
      },
      "locked": {
        "lastModified": 1721822211,
        "narHash": "sha256-zacOgNv3qM3AbSG3p5PT/Bfc4c7NoIqoLII8/jIUsOQ=",
        "owner": "nix-community",
        "repo": "nixpkgs-fmt",
        "rev": "bdb15b4c7e0cb49ae091dd43113d0a938afae02c",
        "type": "github"
      },
      "original": {
        "owner": "nix-community",
        "repo": "nixpkgs-fmt",
        "type": "github"
      }
    },
    "nixpkgs-lib": {
      "locked": {
        "lastModified": 1751159883,
        "narHash": "sha256-urW/Ylk9FIfvXfliA1ywh75yszAbiTEVgpPeinFyVZo=",
        "owner": "nix-community",
        "repo": "nixpkgs.lib",
        "rev": "14a40a1d7fb9afa4739275ac642ed7301a9ba1ab",
        "type": "github"
      },
      "original": {
        "owner": "nix-community",
        "repo": "nixpkgs.lib",
        "type": "github"
      }
    },
    "nixpkgs-stable": {
      "locked": {
        "lastModified": 1751274312,
        "narHash": "sha256-/bVBlRpECLVzjV19t5KMdMFWSwKLtb5RyXdjz3LJT+g=",
        "owner": "NixOS",
        "repo": "nixpkgs",
        "rev": "50ab793786d9de88ee30ec4e4c24fb4236fc2674",
        "type": "github"
      },
      "original": {
        "owner": "NixOS",
        "ref": "nixos-24.11",
        "repo": "nixpkgs",
        "type": "github"
      }
    },
    "nixpkgs-stable_2": {
      "locked": {
        "lastModified": 1753232147,
        "narHash": "sha256-CVv1NMesDNq5z/BMbZxum8SFCtrDAWfOZoLRS6Wk/9I=",
        "owner": "NixOS",
        "repo": "nixpkgs",
        "rev": "7f3f3790bcae6242bd99ac16fb8115df40bc60f7",
        "type": "github"
      },
      "original": {
        "owner": "NixOS",
        "ref": "release-25.05",
        "repo": "nixpkgs",
        "type": "github"
      }
    },
    "nixpkgs_2": {
      "locked": {
        "lastModified": 1752950548,
        "narHash": "sha256-NS6BLD0lxOrnCiEOcvQCDVPXafX1/ek1dfJHX1nUIzc=",
        "owner": "NixOS",
        "repo": "nixpkgs",
        "rev": "c87b95e25065c028d31a94f06a62927d18763fdf",
        "type": "github"
      },
      "original": {
        "owner": "NixOS",
        "ref": "nixos-unstable",
        "repo": "nixpkgs",
        "type": "github"
      }
    },
    "nixpkgs_3": {
      "locked": {
        "lastModified": 1753242082,
        "narHash": "sha256-Dr+J1SW1jd+l1TP8a++rLa2fGExy+8wrXa0asLAC4Ek=",
        "owner": "NixOS",
        "repo": "nixpkgs",
        "rev": "a5251a9ef8ffbca203a869f6083ac7ad6b0f76ba",
        "type": "github"
      },
      "original": {
        "owner": "NixOS",
        "ref": "master",
        "repo": "nixpkgs",
        "type": "github"
      }
    },
    "parts": {
      "inputs": {
        "nixpkgs-lib": "nixpkgs-lib"
      },
      "locked": {
        "lastModified": 1753121425,
        "narHash": "sha256-TVcTNvOeWWk1DXljFxVRp+E0tzG1LhrVjOGGoMHuXio=",
        "owner": "hercules-ci",
        "repo": "flake-parts",
        "rev": "644e0fc48951a860279da645ba77fe4a6e814c5e",
        "type": "github"
      },
      "original": {
        "owner": "hercules-ci",
        "repo": "flake-parts",
        "type": "github"
      }
    },
    "root": {
      "inputs": {
        "home-manager": "home-manager",
        "nix-index-database": "nix-index-database",
        "nixos-hardware": "nixos-hardware",
        "nixpkgs": "nixpkgs",
        "nixpkgs-f2k": "nixpkgs-f2k",
        "nixpkgs-stable": "nixpkgs-stable_2",
        "sawm": "sawm",
        "sfish": "sfish",
        "skitty": "skitty",
        "snvim": "snvim"
      }
    },
    "rust-analyzer-src": {
      "flake": false,
      "locked": {
        "lastModified": 1637439871,
        "narHash": "sha256-2awQ/obzl7zqYgLwbQL0zT58gN8Xq7n+81GcMiS595I=",
        "owner": "rust-analyzer",
        "repo": "rust-analyzer",
        "rev": "4566414789310acb2617543f4b50beab4bb48e06",
        "type": "github"
      },
      "original": {
        "owner": "rust-analyzer",
        "ref": "nightly",
        "repo": "rust-analyzer",
        "type": "github"
      }
    },
    "sawm": {
      "inputs": {
        "nixpkgs": [
          "nixpkgs"
        ]
      },
      "locked": {
        "lastModified": 1752968770,
        "narHash": "sha256-ADfg/ZFUn3KiuPZoAaN5HTe65y8GVPOzXzwkzuzRV9U=",
        "owner": "sudoneoox",
        "repo": "sawm",
        "rev": "d85660010da85b34d71d52dfb0843768a8a0a0f2",
        "type": "github"
      },
      "original": {
        "owner": "sudoneoox",
        "repo": "sawm",
        "type": "github"
      }
    },
    "sfish": {
      "inputs": {
        "nixpkgs": [
          "nixpkgs"
        ]
      },
      "locked": {
        "lastModified": 1752967463,
        "narHash": "sha256-zm0rfq0r8R0a4Xev4WBXMB2Pk2KM32QM50ifrz3c+qY=",
        "owner": "sudoneoox",
        "repo": "sfish",
        "rev": "d46dfbf2b970007c7fffccdcc1bf834ef6b9afaf",
        "type": "github"
      },
      "original": {
        "owner": "sudoneoox",
        "repo": "sfish",
        "type": "github"
      }
    },
    "skitty": {
      "inputs": {
        "nixpkgs": [
          "nixpkgs"
        ]
      },
      "locked": {
        "lastModified": 1752968005,
        "narHash": "sha256-d6mB9QPVU6ICYu3ic78qU8JC9bc9T1Khb4mjWaTlQUU=",
        "owner": "sudoneoox",
        "repo": "skitty",
        "rev": "dad0ce9a3b1123ab9b59b01d6c23d85fa1c9e406",
        "type": "github"
      },
      "original": {
        "owner": "sudoneoox",
        "repo": "skitty",
        "type": "github"
      }
    },
    "snvim": {
      "inputs": {
        "nixpkgs": [
          "nixpkgs"
        ]
      },
      "locked": {
        "lastModified": 1752968051,
        "narHash": "sha256-asYiQGewlUQM4f1A5L+9yK60MkAEOdPkkrG023LItAc=",
        "owner": "sudoneoox",
        "repo": "snvim",
        "rev": "472c837082c54c46c8edb8c6af289cf01aa118f1",
        "type": "github"
      },
      "original": {
        "owner": "sudoneoox",
        "repo": "snvim",
        "type": "github"
      }
    }
  },
  "root": "root",
  "version": 7
}
